
Microsoft Visual Studio Solution File, Format Version 11.00
# Visual Studio 2010
Project("{FAE04EC0-301F-11D3-BF4B-00C04F79EFBC}") = "Assembly-CSharp", "Assembly-CSharp.csproj", "{7509effb-f9ed-b510-5a17-c780c001ef98}"
EndProject
Project("{FAE04EC0-301F-11D3-BF4B-00C04F79EFBC}") = "PhotonUnityNetworking.Demos", "PhotonUnityNetworking.Demos.csproj", "{cd25cfba-b186-fcb4-5341-323efab4a7b4}"
EndProject
Project("{FAE04EC0-301F-11D3-BF4B-00C04F79EFBC}") = "PhotonRealtime", "PhotonRealtime.csproj", "{27a8d31f-5e6a-44ef-dd96-3b71de4cd77a}"
EndProject
Project("{FAE04EC0-301F-11D3-BF4B-00C04F79EFBC}") = "CFXRDemo", "CFXRDemo.csproj", "{0f20f2d7-af2e-b295-b154-bca0b28af720}"
EndProject
Project("{FAE04EC0-301F-11D3-BF4B-00C04F79EFBC}") = "PhotonUnityNetworking", "PhotonUnityNetworking.csproj", "{bacab5d4-f194-ca79-c462-7dd34036084c}"
EndProject
Project("{FAE04EC0-301F-11D3-BF4B-00C04F79EFBC}") = "PhotonUnityNetworking.Utilities", "PhotonUnityNetworking.Utilities.csproj", "{f5469858-fb36-2b2b-aa76-5f6b46d5b05b}"
EndProject
Project("{FAE04EC0-301F-11D3-BF4B-00C04F79EFBC}") = "PhotonChat", "PhotonChat.csproj", "{c1ff2273-f072-25bb-e49d-5e0434c5792a}"
EndProject
Project("{FAE04EC0-301F-11D3-BF4B-00C04F79EFBC}") = "CFXRRuntime", "CFXRRuntime.csproj", "{6123ee04-b888-3aca-7da3-9a379a766eb8}"
EndProject
Project("{FAE04EC0-301F-11D3-BF4B-00C04F79EFBC}") = "KinoBloom.Runtime", "KinoBloom.Runtime.csproj", "{b516495f-51d6-4d55-f632-4411124dc613}"
EndProject
Project("{FAE04EC0-301F-11D3-BF4B-00C04F79EFBC}") = "PhotonUnityNetworking.Editor", "PhotonUnityNetworking.Editor.csproj", "{4d4bfea2-127b-1968-1151-9742ba1bc724}"
EndProject
Project("{FAE04EC0-301F-11D3-BF4B-00C04F79EFBC}") = "CFXREditor", "CFXREditor.csproj", "{e0673ddc-106e-acf2-7264-269e2beda6a0}"
EndProject
Project("{FAE04EC0-301F-11D3-BF4B-00C04F79EFBC}") = "PhotonUnityNetworking.Utilities.PhotonPlayer.Editor", "PhotonUnityNetworking.Utilities.PhotonPlayer.Editor.csproj", "{c82f2553-0dc6-2f28-8ca7-ba3322c990ec}"
EndProject
Project("{FAE04EC0-301F-11D3-BF4B-00C04F79EFBC}") = "PunDemos.DemoSlotcarEditor", "PunDemos.DemoSlotcarEditor.csproj", "{f16421b6-2dec-3587-01b8-d978772d6cf0}"
EndProject
Project("{FAE04EC0-301F-11D3-BF4B-00C04F79EFBC}") = "PhotonUnityNetworking.Utilities.Culling.Editor", "PhotonUnityNetworking.Utilities.Culling.Editor.csproj", "{36d62a3c-cde4-74a6-d549-ec8c3e712ffa}"
EndProject
Project("{FAE04EC0-301F-11D3-BF4B-00C04F79EFBC}") = "PunDemos.DemoHubEditor", "PunDemos.DemoHubEditor.csproj", "{5d34738e-d65e-3c40-8dcc-9d5d21298a4c}"
EndProject
Project("{FAE04EC0-301F-11D3-BF4B-00C04F79EFBC}") = "CFXR.WelcomeScreen", "CFXR.WelcomeScreen.csproj", "{a1bcc167-5eeb-0723-fdad-0a053c22235b}"
EndProject
Project("{FAE04EC0-301F-11D3-BF4B-00C04F79EFBC}") = "ToonyColorsPro.Demo.Editor", "ToonyColorsPro.Demo.Editor.csproj", "{f95201d2-7222-dc62-d2e5-81de635bca38}"
EndProject
Project("{FAE04EC0-301F-11D3-BF4B-00C04F79EFBC}") = "Assembly-CSharp-Editor", "Assembly-CSharp-Editor.csproj", "{d38c7b27-2656-8770-050a-5145702112d1}"
EndProject
Global
	GlobalSection(SolutionConfigurationPlatforms) = preSolution
		Debug|Any CPU = Debug|Any CPU
	EndGlobalSection
	GlobalSection(ProjectConfigurationPlatforms) = postSolution
		{7509effb-f9ed-b510-5a17-c780c001ef98}.Debug|Any CPU.ActiveCfg = Debug|Any CPU
		{7509effb-f9ed-b510-5a17-c780c001ef98}.Debug|Any CPU.Build.0 = Debug|Any CPU
		{cd25cfba-b186-fcb4-5341-323efab4a7b4}.Debug|Any CPU.ActiveCfg = Debug|Any CPU
		{cd25cfba-b186-fcb4-5341-323efab4a7b4}.Debug|Any CPU.Build.0 = Debug|Any CPU
		{27a8d31f-5e6a-44ef-dd96-3b71de4cd77a}.Debug|Any CPU.ActiveCfg = Debug|Any CPU
		{27a8d31f-5e6a-44ef-dd96-3b71de4cd77a}.Debug|Any CPU.Build.0 = Debug|Any CPU
		{0f20f2d7-af2e-b295-b154-bca0b28af720}.Debug|Any CPU.ActiveCfg = Debug|Any CPU
		{0f20f2d7-af2e-b295-b154-bca0b28af720}.Debug|Any CPU.Build.0 = Debug|Any CPU
		{bacab5d4-f194-ca79-c462-7dd34036084c}.Debug|Any CPU.ActiveCfg = Debug|Any CPU
		{bacab5d4-f194-ca79-c462-7dd34036084c}.Debug|Any CPU.Build.0 = Debug|Any CPU
		{f5469858-fb36-2b2b-aa76-5f6b46d5b05b}.Debug|Any CPU.ActiveCfg = Debug|Any CPU
		{f5469858-fb36-2b2b-aa76-5f6b46d5b05b}.Debug|Any CPU.Build.0 = Debug|Any CPU
		{c1ff2273-f072-25bb-e49d-5e0434c5792a}.Debug|Any CPU.ActiveCfg = Debug|Any CPU
		{c1ff2273-f072-25bb-e49d-5e0434c5792a}.Debug|Any CPU.Build.0 = Debug|Any CPU
		{6123ee04-b888-3aca-7da3-9a379a766eb8}.Debug|Any CPU.ActiveCfg = Debug|Any CPU
		{6123ee04-b888-3aca-7da3-9a379a766eb8}.Debug|Any CPU.Build.0 = Debug|Any CPU
		{b516495f-51d6-4d55-f632-4411124dc613}.Debug|Any CPU.ActiveCfg = Debug|Any CPU
		{b516495f-51d6-4d55-f632-4411124dc613}.Debug|Any CPU.Build.0 = Debug|Any CPU
		{4d4bfea2-127b-1968-1151-9742ba1bc724}.Debug|Any CPU.ActiveCfg = Debug|Any CPU
		{4d4bfea2-127b-1968-1151-9742ba1bc724}.Debug|Any CPU.Build.0 = Debug|Any CPU
		{e0673ddc-106e-acf2-7264-269e2beda6a0}.Debug|Any CPU.ActiveCfg = Debug|Any CPU
		{e0673ddc-106e-acf2-7264-269e2beda6a0}.Debug|Any CPU.Build.0 = Debug|Any CPU
		{c82f2553-0dc6-2f28-8ca7-ba3322c990ec}.Debug|Any CPU.ActiveCfg = Debug|Any CPU
		{c82f2553-0dc6-2f28-8ca7-ba3322c990ec}.Debug|Any CPU.Build.0 = Debug|Any CPU
		{f16421b6-2dec-3587-01b8-d978772d6cf0}.Debug|Any CPU.ActiveCfg = Debug|Any CPU
		{f16421b6-2dec-3587-01b8-d978772d6cf0}.Debug|Any CPU.Build.0 = Debug|Any CPU
		{36d62a3c-cde4-74a6-d549-ec8c3e712ffa}.Debug|Any CPU.ActiveCfg = Debug|Any CPU
		{36d62a3c-cde4-74a6-d549-ec8c3e712ffa}.Debug|Any CPU.Build.0 = Debug|Any CPU
		{5d34738e-d65e-3c40-8dcc-9d5d21298a4c}.Debug|Any CPU.ActiveCfg = Debug|Any CPU
		{5d34738e-d65e-3c40-8dcc-9d5d21298a4c}.Debug|Any CPU.Build.0 = Debug|Any CPU
		{a1bcc167-5eeb-0723-fdad-0a053c22235b}.Debug|Any CPU.ActiveCfg = Debug|Any CPU
		{a1bcc167-5eeb-0723-fdad-0a053c22235b}.Debug|Any CPU.Build.0 = Debug|Any CPU
		{f95201d2-7222-dc62-d2e5-81de635bca38}.Debug|Any CPU.ActiveCfg = Debug|Any CPU
		{f95201d2-7222-dc62-d2e5-81de635bca38}.Debug|Any CPU.Build.0 = Debug|Any CPU
		{d38c7b27-2656-8770-050a-5145702112d1}.Debug|Any CPU.ActiveCfg = Debug|Any CPU
		{d38c7b27-2656-8770-050a-5145702112d1}.Debug|Any CPU.Build.0 = Debug|Any CPU
	EndGlobalSection
	GlobalSection(SolutionProperties) = preSolution
		HideSolutionNode = FALSE
	EndGlobalSection
EndGlobal
